{
  "name": "2-state",
  "version": "1.0.0",
  "lockfileVersion": 3,
  "requires": true,
  "packages": {
    "": {
      "name": "2-state",
      "version": "1.0.0",
      "license": "ISC",
      "dependencies": {
        "json-over-tcp-2": "^0.3.5"
      }
    },
    "node_modules/is-buffer": {
      "version": "2.0.5",
      "resolved": "https://registry.npmjs.org/is-buffer/-/is-buffer-2.0.5.tgz",
      "integrity": "sha512-i2R6zNFDwgEHJyQUtJEk0XFi1i0dPFn/oqjK3/vPCcDeJvW5NQ83V8QbicfF1SupOaB0h8ntgBC2YiE7dfyctQ==",
      "funding": [
        {
          "type": "github",
          "url": "https://github.com/sponsors/feross"
        },
        {
          "type": "patreon",
          "url": "https://www.patreon.com/feross"
        },
        {
          "type": "consulting",
          "url": "https://feross.org/support"
        }
      ],
      "engines": {
        "node": ">=4"
      }
    },
    "node_modules/is-stream": {
      "version": "2.0.1",
      "resolved": "https://registry.npmjs.org/is-stream/-/is-stream-2.0.1.tgz",
      "integrity": "sha512-hFoiJiTl63nn+kstHGBtewWSKnQLpyb155KHheA1l39uvtO9nWIop1p3udqPcUd/xbF1VLMO4n7OI6p7RbngDg==",
      "engines": {
        "node": ">=8"
      },
      "funding": {
        "url": "https://github.com/sponsors/sindresorhus"
      }
    },
    "node_modules/json-over-tcp-2": {
      "version": "0.3.5",
      "resolved": "https://registry.npmjs.org/json-over-tcp-2/-/json-over-tcp-2-0.3.5.tgz",
      "integrity": "sha512-aN8/NDN3eGy9zbF4e+nwEKjt/y3M3XJUJnT2KAUDpPm1YEH2HefoLECg9KUuaQEJYd4xkQYutbnxpcXjaQENkA==",
      "dependencies": {
        "is-buffer": "^2.0.4",
        "is-stream": "^2.0.0"
      },
      "engines": {
        "node": ">=10"
      }
    }
  }
}
